
Microsoft Visual Studio Solution File, Format Version 12.00
# Visual Studio Version 17
VisualStudioVersion = 17.2.32630.192
MinimumVisualStudioVersion = 10.0.40219.1
Project("{9A19103F-16F7-4668-BE54-9A1E7A4F7556}") = "DevIO.Business", "src\DevIO.Business\DevIO.Business.csproj", "{65A2743E-7D4A-4EB4-BB16-C7604178997F}"
EndProject
Project("{9A19103F-16F7-4668-BE54-9A1E7A4F7556}") = "DevIO.Data", "src\DevIO.Data\DevIO.Data.csproj", "{54022612-E697-48D4-93DE-ADCFE02AFFB8}"
EndProject
Project("{FAE04EC0-301F-11D3-BF4B-00C04F79EFBC}") = "DevIO.Api", "src\DevIO.Api\DevIO.Api.csproj", "{130FB590-4317-4104-B2F7-AE2E626CB5AD}"
EndProject
Global
	GlobalSection(SolutionConfigurationPlatforms) = preSolution
		Debug|Any CPU = Debug|Any CPU
		Release|Any CPU = Release|Any CPU
	EndGlobalSection
	GlobalSection(ProjectConfigurationPlatforms) = postSolution
		{65A2743E-7D4A-4EB4-BB16-C7604178997F}.Debug|Any CPU.ActiveCfg = Debug|Any CPU
		{65A2743E-7D4A-4EB4-BB16-C7604178997F}.Debug|Any CPU.Build.0 = Debug|Any CPU
		{65A2743E-7D4A-4EB4-BB16-C7604178997F}.Release|Any CPU.ActiveCfg = Release|Any CPU
		{65A2743E-7D4A-4EB4-BB16-C7604178997F}.Release|Any CPU.Build.0 = Release|Any CPU
		{54022612-E697-48D4-93DE-ADCFE02AFFB8}.Debug|Any CPU.ActiveCfg = Debug|Any CPU
		{54022612-E697-48D4-93DE-ADCFE02AFFB8}.Debug|Any CPU.Build.0 = Debug|Any CPU
		{54022612-E697-48D4-93DE-ADCFE02AFFB8}.Release|Any CPU.ActiveCfg = Release|Any CPU
		{54022612-E697-48D4-93DE-ADCFE02AFFB8}.Release|Any CPU.Build.0 = Release|Any CPU
		{130FB590-4317-4104-B2F7-AE2E626CB5AD}.Debug|Any CPU.ActiveCfg = Debug|Any CPU
		{130FB590-4317-4104-B2F7-AE2E626CB5AD}.Debug|Any CPU.Build.0 = Debug|Any CPU
		{130FB590-4317-4104-B2F7-AE2E626CB5AD}.Release|Any CPU.ActiveCfg = Release|Any CPU
		{130FB590-4317-4104-B2F7-AE2E626CB5AD}.Release|Any CPU.Build.0 = Release|Any CPU
	EndGlobalSection
	GlobalSection(SolutionProperties) = preSolution
		HideSolutionNode = FALSE
	EndGlobalSection
	GlobalSection(ExtensibilityGlobals) = postSolution
		SolutionGuid = {078E2CB0-E77D-4A6C-9E1A-2B9676334989}
	EndGlobalSection
EndGlobal
